
Microsoft Visual Studio Solution File, Format Version 12.00
# Visual Studio Version 17
VisualStudioVersion = 17.9.34622.214
MinimumVisualStudioVersion = 10.0.40219.1
Project("{9A19103F-16F7-4668-BE54-9A1E7A4F7556}") = "Infrastructure", "Infrastructure\Infrastructure.csproj", "{AC2CE9E9-047F-4B6F-B4F3-7754BFC1FDD2}"
EndProject
Global
	GlobalSection(SolutionConfigurationPlatforms) = preSolution
		Debug|Any CPU = Debug|Any CPU
		Release|Any CPU = Release|Any CPU
	EndGlobalSection
	GlobalSection(ProjectConfigurationPlatforms) = postSolution
		{AC2CE9E9-047F-4B6F-B4F3-7754BFC1FDD2}.Debug|Any CPU.ActiveCfg = Debug|Any CPU
		{AC2CE9E9-047F-4B6F-B4F3-7754BFC1FDD2}.Debug|Any CPU.Build.0 = Debug|Any CPU
		{AC2CE9E9-047F-4B6F-B4F3-7754BFC1FDD2}.Release|Any CPU.ActiveCfg = Release|Any CPU
		{AC2CE9E9-047F-4B6F-B4F3-7754BFC1FDD2}.Release|Any CPU.Build.0 = Release|Any CPU
	EndGlobalSection
	GlobalSection(SolutionProperties) = preSolution
		HideSolutionNode = FALSE
	EndGlobalSection
	GlobalSection(ExtensibilityGlobals) = postSolution
		SolutionGuid = {D53D80F8-11E1-48B4-8351-ECA8E49E0EFC}
	EndGlobalSection
EndGlobal
